
Microsoft Visual Studio Solution File, Format Version 12.00
# Visual Studio Version 16
VisualStudioVersion = 16.0.30011.22
MinimumVisualStudioVersion = 10.0.40219.1
Project("{FAE04EC0-301F-11D3-BF4B-00C04F79EFBC}") = "PMA_Projekt_Brodovi", "PMA_Projekt_Brodovi\PMA_Projekt_Brodovi.csproj", "{18648C5A-6148-48B0-BE77-70560F7CA1E4}"
EndProject
Global
	GlobalSection(SolutionConfigurationPlatforms) = preSolution
		Debug|Any CPU = Debug|Any CPU
		Release|Any CPU = Release|Any CPU
	EndGlobalSection
	GlobalSection(ProjectConfigurationPlatforms) = postSolution
		{18648C5A-6148-48B0-BE77-70560F7CA1E4}.Debug|Any CPU.ActiveCfg = Debug|Any CPU
		{18648C5A-6148-48B0-BE77-70560F7CA1E4}.Debug|Any CPU.Build.0 = Debug|Any CPU
		{18648C5A-6148-48B0-BE77-70560F7CA1E4}.Release|Any CPU.ActiveCfg = Release|Any CPU
		{18648C5A-6148-48B0-BE77-70560F7CA1E4}.Release|Any CPU.Build.0 = Release|Any CPU
	EndGlobalSection
	GlobalSection(SolutionProperties) = preSolution
		HideSolutionNode = FALSE
	EndGlobalSection
	GlobalSection(ExtensibilityGlobals) = postSolution
		SolutionGuid = {69E18DF9-427C-404A-BEC9-C14DA16F6E20}
	EndGlobalSection
EndGlobal
